// !$*UTF8*$!
{
	archiveVersion = 1;
	classes = {
	};
	objectVersion = 46;
	objects = {

/* Begin PBXBuildFile section */
		014580B31D4559C3006E5791 /* AppDelegate.swift in Sources */ = {isa = PBXBuildFile; fileRef = 014580B21D4559C3006E5791 /* AppDelegate.swift */; };
		014580B51D4559C3006E5791 /* ViewController.swift in Sources */ = {isa = PBXBuildFile; fileRef = 014580B41D4559C3006E5791 /* ViewController.swift */; };
		014580B81D4559C3006E5791 /* Main.storyboard in Resources */ = {isa = PBXBuildFile; fileRef = 014580B61D4559C3006E5791 /* Main.storyboard */; };
		014580BA1D4559C3006E5791 /* Assets.xcassets in Resources */ = {isa = PBXBuildFile; fileRef = 014580B91D4559C3006E5791 /* Assets.xcassets */; };
		014580BD1D4559C3006E5791 /* LaunchScreen.storyboard in Resources */ = {isa = PBXBuildFile; fileRef = 014580BB1D4559C3006E5791 /* LaunchScreen.storyboard */; };
/* End PBXBuildFile section */

/* Begin PBXFileReference section */
		014580AF1D4559C3006E5791 /* InteractiveSotry.app */ = {isa = PBXFileReference; explicitFileType = wrapper.application; includeInIndex = 0; path = InteractiveSotry.app; sourceTree = BUILT_PRODUCTS_DIR; };
		014580B21D4559C3006E5791 /* AppDelegate.swift */ = {isa = PBXFileReference; lastKnownFileType = sourcecode.swift; path = AppDelegate.swift; sourceTree = "<group>"; };
		014580B41D4559C3006E5791 /* ViewController.swift */ = {isa = PBXFileReference; lastKnownFileType = sourcecode.swift; path = ViewController.swift; sourceTree = "<group>"; };
		014580B71D4559C3006E5791 /* Base */ = {isa = PBXFileReference; lastKnownFileType = file.storyboard; name = Base; path = Base.lproj/Main.storyboard; sourceTree = "<group>"; };
		014580B91D4559C3006E5791 /* Assets.xcassets */ = {isa = PBXFileReference; lastKnownFileType = folder.assetcatalog; path = Assets.xcassets; sourceTree = "<group>"; };
		014580BC1D4559C3006E5791 /* Base */ = {isa = PBXFileReference; lastKnownFileType = file.storyboard; name = Base; path = Base.lproj/LaunchScreen.storyboard; sourceTree = "<group>"; };
		014580BE1D4559C3006E5791 /* Info.plist */ = {isa = PBXFileReference; lastKnownFileType = text.plist.xml; path = Info.plist; sourceTree = "<group>"; };
/* End PBXFileReference section */

/* Begin PBXFrameworksBuildPhase section */
		014580AC1D4559C3006E5791 /* Frameworks */ = {
			isa = PBXFrameworksBuildPhase;
			buildActionMask = 2147483647;
			files = (
			);
			runOnlyForDeploymentPostprocessing = 0;
		};
/* End PBXFrameworksBuildPhase section */

/* Begin PBXGroup section */
		014580A61D4559C3006E5791 = {
			isa = PBXGroup;
			children = (
				014580B11D4559C3006E5791 /* InteractiveSotry */,
				014580B01D4559C3006E5791 /* Products */,
			);
			sourceTree = "<group>";
		};
		014580B01D4559C3006E5791 /* Products */ = {
			isa = PBXGroup;
			children = (
				014580AF1D4559C3006E5791 /* InteractiveSotry.app */,
			);
			name = Products;
			sourceTree = "<group>";
		};
		014580B11D4559C3006E5791 /* InteractiveSotry */ = {
			isa = PBXGroup;
			children = (
				014580B21D4559C3006E5791 /* AppDelegate.swift */,
				014580B41D4559C3006E5791 /* ViewController.swift */,
				014580B61D4559C3006E5791 /* Main.storyboard */,
				014580B91D4559C3006E5791 /* Assets.xcassets */,
				014580BB1D4559C3006E5791 /* LaunchScreen.storyboard */,
				014580BE1D4559C3006E5791 /* Info.plist */,
			);
			path = InteractiveSotry;
			sourceTree = "<group>";
		};
/* End PBXGroup section */

/* Begin PBXNativeTarget section */
		014580AE1D4559C3006E5791 /* InteractiveSotry */ = {
			isa = PBXNativeTarget;
			buildConfigurationList = 014580C11D4559C3006E5791 /* Build configuration list for PBXNativeTarget "InteractiveSotry" */;
			buildPhases = (
				014580AB1D4559C3006E5791 /* Sources */,
				014580AC1D4559C3006E5791 /* Frameworks */,
				014580AD1D4559C3006E5791 /* Resources */,
			);
			buildRules = (
			);
			dependencies = (
			);
			name = InteractiveSotry;
			productName = InteractiveSotry;
			productReference = 014580AF1D4559C3006E5791 /* InteractiveSotry.app */;
			productType = "com.apple.product-type.application";
		};
/* End PBXNativeTarget section */

/* Begin PBXProject section */
		014580A71D4559C3006E5791 /* Project object */ = {
			isa = PBXProject;
			attributes = {
				LastSwiftUpdateCheck = 0800;
				LastUpgradeCheck = 0800;
				ORGANIZATIONNAME = "Andrea Miotto";
				TargetAttributes = {
					014580AE1D4559C3006E5791 = {
						CreatedOnToolsVersion = 8.0;
						DevelopmentTeam = 23536XD8LD;
						DevelopmentTeamName = "Andrea Miotto (Personal Team)";
						ProvisioningStyle = Automatic;
					};
				};
			};
			buildConfigurationList = 014580AA1D4559C3006E5791 /* Build configuration list for PBXProject "InteractiveSotry" */;
			compatibilityVersion = "Xcode 3.2";
			developmentRegion = English;
			hasScannedForEncodings = 0;
			knownRegions = (
				en,
				Base,
			);
			mainGroup = 014580A61D4559C3006E5791;
			productRefGroup = 014580B01D4559C3006E5791 /* Products */;
			projectDirPath = "";
			projectRoot = "";
			targets = (
				014580AE1D4559C3006E5791 /* InteractiveSotry */,
			);
		};
/* End PBXProject section */

/* Begin PBXResourcesBuildPhase section */
		014580AD1D4559C3006E5791 /* Resources */ = {
			isa = PBXResourcesBuildPhase;
			buildActionMask = 2147483647;
			files = (
				014580BD1D4559C3006E5791 /* LaunchScreen.storyboard in Resources */,
				014580BA1D4559C3006E5791 /* Assets.xcassets in Resources */,
				014580B81D4559C3006E5791 /* Main.storyboard in Resources */,
			);
			runOnlyForDeploymentPostprocessing = 0;
		};
/* End PBXResourcesBuildPhase section */

/* Begin PBXSourcesBuildPhase section */
		014580AB1D4559C3006E5791 /* Sources */ = {
			isa = PBXSourcesBuildPhase;
			buildActionMask = 2147483647;
			files = (
				014580B51D4559C3006E5791 /* ViewController.swift in Sources */,
				014580B31D4559C3006E5791 /* AppDelegate.swift in Sources */,
			);
			runOnlyForDeploymentPostprocessing = 0;
		};
/* End PBXSourcesBuildPhase section */

/* Begin PBXVariantGroup section */
		014580B61D4559C3006E5791 /* Main.storyboard */ = {
			isa = PBXVariantGroup;
			children = (
				014580B71D4559C3006E5791 /* Base */,
			);
			name = Main.storyboard;
			sourceTree = "<group>";
		};
		014580BB1D4559C3006E5791 /* LaunchScreen.storyboard */ = {
			isa = PBXVariantGroup;
			children = (
				014580BC1D4559C3006E5791 /* Base */,
			);
			name = LaunchScreen.storyboard;
			sourceTree = "<group>";
		};
/* End PBXVariantGroup section */

/* Begin XCBuildConfiguration section */
		014580BF1D4559C3006E5791 /* Debug */ = {
			isa = XCBuildConfiguration;
			buildSettings = {
				ALWAYS_SEARCH_USER_PATHS = NO;
				CLANG_ANALYZER_NONNULL = YES;
				CLANG_CXX_LANGUAGE_STANDARD = "gnu++0x";
				CLANG_CXX_LIBRARY = "libc++";
				CLANG_ENABLE_MODULES = YES;
				CLANG_ENABLE_OBJC_ARC = YES;
				CLANG_WARN_BOOL_CONVERSION = YES;
				CLANG_WARN_CONSTANT_CONVERSION = YES;
				CLANG_WARN_DIRECT_OBJC_ISA_USAGE = YES_ERROR;
				CLANG_WARN_DOCUMENTATION_COMMENTS = YES;
				CLANG_WARN_EMPTY_BODY = YES;
				CLANG_WARN_ENUM_CONVERSION = YES;
				CLANG_WARN_INT_CONVERSION = YES;
				CLANG_WARN_OBJC_ROOT_CLASS = YES_ERROR;
				CLANG_WARN_UNREACHABLE_CODE = YES;
				CLANG_WARN__DUPLICATE_METHOD_MATCH = YES;
				"CODE_SIGN_IDENTITY[sdk=iphoneos*]" = "iPhone Developer";
				COPY_PHASE_STRIP = NO;
				DEBUG_INFORMATION_FORMAT = dwarf;
				ENABLE_STRICT_OBJC_MSGSEND = YES;
				ENABLE_TESTABILITY = YES;
				GCC_C_LANGUAGE_STANDARD = gnu99;
				GCC_DYNAMIC_NO_PIC = NO;
				GCC_NO_COMMON_BLOCKS = YES;
				GCC_OPTIMIZATION_LEVEL = 0;
				GCC_PREPROCESSOR_DEFINITIONS = (
					"DEBUG=1",
					"$(inherited)",
				);
				GCC_WARN_64_TO_32_BIT_CONVERSION = YES;
				GCC_WARN_ABOUT_RETURN_TYPE = YES_ERROR;
				GCC_WARN_UNDECLARED_SELECTOR = YES;
				GCC_WARN_UNINITIALIZED_AUTOS = YES_AGGRESSIVE;
				GCC_WARN_UNUSED_FUNCTION = YES;
				GCC_WARN_UNUSED_VARIABLE = YES;
				IPHONEOS_DEPLOYMENT_TARGET = 10.0;
				MTL_ENABLE_DEBUG_INFO = YES;
				ONLY_ACTIVE_ARCH = YES;
				SDKROOT = iphoneos;
				SWIFT_ACTIVE_COMPILATION_CONDITIONS = DEBUG;
				SWIFT_OPTIMIZATION_LEVEL = "-Onone";
			};
			name = Debug;
		};
		014580C01D4559C3006E5791 /* Release */ = {
			isa = XCBuildConfiguration;
			buildSettings = {
				ALWAYS_SEARCH_USER_PATHS = NO;
				CLANG_ANALYZER_NONNULL = YES;
				CLANG_CXX_LANGUAGE_STANDARD = "gnu++0x";
				CLANG_CXX_LIBRARY = "libc++";
				CLANG_ENABLE_MODULES = YES;
				CLANG_ENABLE_OBJC_ARC = YES;
				CLANG_WARN_BOOL_CONVERSION = YES;
				CLANG_WARN_CONSTANT_CONVERSION = YES;
				CLANG_WARN_DIRECT_OBJC_ISA_USAGE = YES_ERROR;
				CLANG_WARN_DOCUMENTATION_COMMENTS = YES;
				CLANG_WARN_EMPTY_BODY = YES;
				CLANG_WARN_ENUM_CONVERSION = YES;
				CLANG_WARN_INT_CONVERSION = YES;
				CLANG_WARN_OBJC_ROOT_CLASS = YES_ERROR;
				CLANG_WARN_UNREACHABLE_CODE = YES;
				CLANG_WARN__DUPLICATE_METHOD_MATCH = YES;
				"CODE_SIGN_IDENTITY[sdk=iphoneos*]" = "iPhone Developer";
				COPY_PHASE_STRIP = NO;
				DEBUG_INFORMATION_FORMAT = "dwarf-with-dsym";
				ENABLE_NS_ASSERTIONS = NO;
				ENABLE_STRICT_OBJC_MSGSEND = YES;
				GCC_C_LANGUAGE_STANDARD = gnu99;
				GCC_NO_COMMON_BLOCKS = YES;
				GCC_WARN_64_TO_32_BIT_CONVERSION = YES;
				GCC_WARN_ABOUT_RETURN_TYPE = YES_ERROR;
				GCC_WARN_UNDECLARED_SELECTOR = YES;
				GCC_WARN_UNINITIALIZED_AUTOS = YES_AGGRESSIVE;
				GCC_WARN_UNUSED_FUNCTION = YES;
				GCC_WARN_UNUSED_VARIABLE = YES;
				IPHONEOS_DEPLOYMENT_TARGET = 10.0;
				MTL_ENABLE_DEBUG_INFO = NO;
				SDKROOT = iphoneos;
				SWIFT_OPTIMIZATION_LEVEL = "-Owholemodule";
				VALIDATE_PRODUCT = YES;
			};
			name = Release;
		};
		014580C21D4559C3006E5791 /* Debug */ = {
			isa = XCBuildConfiguration;
			buildSettings = {
				ASSETCATALOG_COMPILER_APPICON_NAME = AppIcon;
				INFOPLIST_FILE = InteractiveSotry/Info.plist;
				LD_RUNPATH_SEARCH_PATHS = "$(inherited) @executable_path/Frameworks";
				PRODUCT_BUNDLE_IDENTIFIER = "AndreaMiotto-com.github.InteractiveSotry";
				PRODUCT_NAME = "$(TARGET_NAME)";
				SWIFT_VERSION = 3.0;
			};
			name = Debug;
		};
		014580C31D4559C3006E5791 /* Release */ = {
			isa = XCBuildConfiguration;
			buildSettings = {
				ASSETCATALOG_COMPILER_APPICON_NAME = AppIcon;
				INFOPLIST_FILE = InteractiveSotry/Info.plist;
				LD_RUNPATH_SEARCH_PATHS = "$(inherited) @executable_path/Frameworks";
				PRODUCT_BUNDLE_IDENTIFIER = "AndreaMiotto-com.github.InteractiveSotry";
				PRODUCT_NAME = "$(TARGET_NAME)";
				SWIFT_VERSION = 3.0;
			};
			name = Release;
		};
/* End XCBuildConfiguration section */

/* Begin XCConfigurationList section */
		014580AA1D4559C3006E5791 /* Build configuration list for PBXProject "InteractiveSotry" */ = {
			isa = XCConfigurationList;
			buildConfigurations = (
				014580BF1D4559C3006E5791 /* Debug */,
				014580C01D4559C3006E5791 /* Release */,
			);
			defaultConfigurationIsVisible = 0;
			defaultConfigurationName = Release;
		};
		014580C11D4559C3006E5791 /* Build configuration list for PBXNativeTarget "InteractiveSotry" */ = {
			isa = XCConfigurationList;
			buildConfigurations = (
				014580C21D4559C3006E5791 /* Debug */,
				014580C31D4559C3006E5791 /* Release */,
			);
			defaultConfigurationIsVisible = 0;
		};
/* End XCConfigurationList section */
	};
	rootObject = 014580A71D4559C3006E5791 /* Project object */;
}
